// !$*UTF8*$!
{
	archiveVersion = 1;
	classes = {
	};
	objectVersion = 46;
	objects = {

/* Begin PBXBuildFile section */
		DB8C5FF317740CDA00A0C49D /* PlayingCard.m in Sources */ = {isa = PBXBuildFile; fileRef = DB8C5FF217740CDA00A0C49D /* PlayingCard.m */; };
		DB8C5FF617740D0F00A0C49D /* Deck.m in Sources */ = {isa = PBXBuildFile; fileRef = DB8C5FF517740D0F00A0C49D /* Deck.m */; };
		DB8C5FF917741ADA00A0C49D /* PlayingCardDeck.m in Sources */ = {isa = PBXBuildFile; fileRef = DB8C5FF817741ADA00A0C49D /* PlayingCardDeck.m */; };
		DBCA2E6B1772D71300A20A03 /* UIKit.framework in Frameworks */ = {isa = PBXBuildFile; fileRef = DBCA2E6A1772D71300A20A03 /* UIKit.framework */; };
		DBCA2E6D1772D71300A20A03 /* Foundation.framework in Frameworks */ = {isa = PBXBuildFile; fileRef = DBCA2E6C1772D71300A20A03 /* Foundation.framework */; };
		DBCA2E6F1772D71300A20A03 /* CoreGraphics.framework in Frameworks */ = {isa = PBXBuildFile; fileRef = DBCA2E6E1772D71300A20A03 /* CoreGraphics.framework */; };
		DBCA2E751772D71300A20A03 /* InfoPlist.strings in Resources */ = {isa = PBXBuildFile; fileRef = DBCA2E731772D71300A20A03 /* InfoPlist.strings */; };
		DBCA2E771772D71300A20A03 /* main.m in Sources */ = {isa = PBXBuildFile; fileRef = DBCA2E761772D71300A20A03 /* main.m */; };
		DBCA2E7B1772D71300A20A03 /* CardGameAppDelegate.m in Sources */ = {isa = PBXBuildFile; fileRef = DBCA2E7A1772D71300A20A03 /* CardGameAppDelegate.m */; };
		DBCA2E7D1772D71300A20A03 /* Default.png in Resources */ = {isa = PBXBuildFile; fileRef = DBCA2E7C1772D71300A20A03 /* Default.png */; };
		DBCA2E7F1772D71300A20A03 /* Default@2x.png in Resources */ = {isa = PBXBuildFile; fileRef = DBCA2E7E1772D71300A20A03 /* Default@2x.png */; };
		DBCA2E811772D71300A20A03 /* Default-568h@2x.png in Resources */ = {isa = PBXBuildFile; fileRef = DBCA2E801772D71300A20A03 /* Default-568h@2x.png */; };
		DBCA2E841772D71300A20A03 /* MainStoryboard.storyboard in Resources */ = {isa = PBXBuildFile; fileRef = DBCA2E821772D71300A20A03 /* MainStoryboard.storyboard */; };
		DBCA2E871772D71300A20A03 /* CardGameViewController.m in Sources */ = {isa = PBXBuildFile; fileRef = DBCA2E861772D71300A20A03 /* CardGameViewController.m */; };
		DBCA2E8F1772DDE100A20A03 /* Card.m in Sources */ = {isa = PBXBuildFile; fileRef = DBCA2E8E1772DDE100A20A03 /* Card.m */; };
/* End PBXBuildFile section */

/* Begin PBXFileReference section */
		DB8C5FF117740CDA00A0C49D /* PlayingCard.h */ = {isa = PBXFileReference; fileEncoding = 4; lastKnownFileType = sourcecode.c.h; path = PlayingCard.h; sourceTree = "<group>"; };
		DB8C5FF217740CDA00A0C49D /* PlayingCard.m */ = {isa = PBXFileReference; fileEncoding = 4; lastKnownFileType = sourcecode.c.objc; path = PlayingCard.m; sourceTree = "<group>"; };
		DB8C5FF417740D0F00A0C49D /* Deck.h */ = {isa = PBXFileReference; fileEncoding = 4; lastKnownFileType = sourcecode.c.h; path = Deck.h; sourceTree = "<group>"; };
		DB8C5FF517740D0F00A0C49D /* Deck.m */ = {isa = PBXFileReference; fileEncoding = 4; lastKnownFileType = sourcecode.c.objc; path = Deck.m; sourceTree = "<group>"; };
		DB8C5FF717741ADA00A0C49D /* PlayingCardDeck.h */ = {isa = PBXFileReference; fileEncoding = 4; lastKnownFileType = sourcecode.c.h; path = PlayingCardDeck.h; sourceTree = "<group>"; };
		DB8C5FF817741ADA00A0C49D /* PlayingCardDeck.m */ = {isa = PBXFileReference; fileEncoding = 4; lastKnownFileType = sourcecode.c.objc; path = PlayingCardDeck.m; sourceTree = "<group>"; };
		DBCA2E671772D71300A20A03 /* Matchismo.app */ = {isa = PBXFileReference; explicitFileType = wrapper.application; includeInIndex = 0; path = Matchismo.app; sourceTree = BUILT_PRODUCTS_DIR; };
		DBCA2E6A1772D71300A20A03 /* UIKit.framework */ = {isa = PBXFileReference; lastKnownFileType = wrapper.framework; name = UIKit.framework; path = System/Library/Frameworks/UIKit.framework; sourceTree = SDKROOT; };
		DBCA2E6C1772D71300A20A03 /* Foundation.framework */ = {isa = PBXFileReference; lastKnownFileType = wrapper.framework; name = Foundation.framework; path = System/Library/Frameworks/Foundation.framework; sourceTree = SDKROOT; };
		DBCA2E6E1772D71300A20A03 /* CoreGraphics.framework */ = {isa = PBXFileReference; lastKnownFileType = wrapper.framework; name = CoreGraphics.framework; path = System/Library/Frameworks/CoreGraphics.framework; sourceTree = SDKROOT; };
		DBCA2E721772D71300A20A03 /* Matchismo-Info.plist */ = {isa = PBXFileReference; lastKnownFileType = text.plist.xml; path = "Matchismo-Info.plist"; sourceTree = "<group>"; };
		DBCA2E741772D71300A20A03 /* en */ = {isa = PBXFileReference; lastKnownFileType = text.plist.strings; name = en; path = en.lproj/InfoPlist.strings; sourceTree = "<group>"; };
		DBCA2E761772D71300A20A03 /* main.m */ = {isa = PBXFileReference; lastKnownFileType = sourcecode.c.objc; path = main.m; sourceTree = "<group>"; };
		DBCA2E781772D71300A20A03 /* Matchismo-Prefix.pch */ = {isa = PBXFileReference; lastKnownFileType = sourcecode.c.h; path = "Matchismo-Prefix.pch"; sourceTree = "<group>"; };
		DBCA2E791772D71300A20A03 /* CardGameAppDelegate.h */ = {isa = PBXFileReference; lastKnownFileType = sourcecode.c.h; path = CardGameAppDelegate.h; sourceTree = "<group>"; };
		DBCA2E7A1772D71300A20A03 /* CardGameAppDelegate.m */ = {isa = PBXFileReference; lastKnownFileType = sourcecode.c.objc; path = CardGameAppDelegate.m; sourceTree = "<group>"; };
		DBCA2E7C1772D71300A20A03 /* Default.png */ = {isa = PBXFileReference; lastKnownFileType = image.png; path = Default.png; sourceTree = "<group>"; };
		DBCA2E7E1772D71300A20A03 /* Default@2x.png */ = {isa = PBXFileReference; lastKnownFileType = image.png; path = "Default@2x.png"; sourceTree = "<group>"; };
		DBCA2E801772D71300A20A03 /* Default-568h@2x.png */ = {isa = PBXFileReference; lastKnownFileType = image.png; path = "Default-568h@2x.png"; sourceTree = "<group>"; };
		DBCA2E831772D71300A20A03 /* en */ = {isa = PBXFileReference; lastKnownFileType = file.storyboard; name = en; path = en.lproj/MainStoryboard.storyboard; sourceTree = "<group>"; };
		DBCA2E851772D71300A20A03 /* CardGameViewController.h */ = {isa = PBXFileReference; lastKnownFileType = sourcecode.c.h; path = CardGameViewController.h; sourceTree = "<group>"; };
		DBCA2E861772D71300A20A03 /* CardGameViewController.m */ = {isa = PBXFileReference; lastKnownFileType = sourcecode.c.objc; path = CardGameViewController.m; sourceTree = "<group>"; };
		DBCA2E8D1772DDE100A20A03 /* Card.h */ = {isa = PBXFileReference; fileEncoding = 4; lastKnownFileType = sourcecode.c.h; name = Card.h; path = Model/Card.h; sourceTree = "<group>"; };
		DBCA2E8E1772DDE100A20A03 /* Card.m */ = {isa = PBXFileReference; fileEncoding = 4; lastKnownFileType = sourcecode.c.objc; name = Card.m; path = Model/Card.m; sourceTree = "<group>"; };
/* End PBXFileReference section */

/* Begin PBXFrameworksBuildPhase section */
		DBCA2E641772D71300A20A03 /* Frameworks */ = {
			isa = PBXFrameworksBuildPhase;
			buildActionMask = 2147483647;
			files = (
				DBCA2E6B1772D71300A20A03 /* UIKit.framework in Frameworks */,
				DBCA2E6D1772D71300A20A03 /* Foundation.framework in Frameworks */,
				DBCA2E6F1772D71300A20A03 /* CoreGraphics.framework in Frameworks */,
			);
			runOnlyForDeploymentPostprocessing = 0;
		};
/* End PBXFrameworksBuildPhase section */

/* Begin PBXGroup section */
		DB8C5FFA17741DE200A0C49D /* Models */ = {
			isa = PBXGroup;
			children = (
				DB8C5FF217740CDA00A0C49D /* PlayingCard.m */,
				DB8C5FF717741ADA00A0C49D /* PlayingCardDeck.h */,
				DB8C5FF817741ADA00A0C49D /* PlayingCardDeck.m */,
				DBCA2E8D1772DDE100A20A03 /* Card.h */,
				DBCA2E8E1772DDE100A20A03 /* Card.m */,
				DB8C5FF117740CDA00A0C49D /* PlayingCard.h */,
				DB8C5FF417740D0F00A0C49D /* Deck.h */,
				DB8C5FF517740D0F00A0C49D /* Deck.m */,
			);
			name = Models;
			sourceTree = "<group>";
		};
		DBCA2E5E1772D71300A20A03 = {
			isa = PBXGroup;
			children = (
				DBCA2E701772D71300A20A03 /* Matchismo */,
				DBCA2E691772D71300A20A03 /* Frameworks */,
				DBCA2E681772D71300A20A03 /* Products */,
			);
			sourceTree = "<group>";
		};
		DBCA2E681772D71300A20A03 /* Products */ = {
			isa = PBXGroup;
			children = (
				DBCA2E671772D71300A20A03 /* Matchismo.app */,
			);
			name = Products;
			sourceTree = "<group>";
		};
		DBCA2E691772D71300A20A03 /* Frameworks */ = {
			isa = PBXGroup;
			children = (
				DBCA2E6A1772D71300A20A03 /* UIKit.framework */,
				DBCA2E6C1772D71300A20A03 /* Foundation.framework */,
				DBCA2E6E1772D71300A20A03 /* CoreGraphics.framework */,
			);
			name = Frameworks;
			sourceTree = "<group>";
		};
		DBCA2E701772D71300A20A03 /* Matchismo */ = {
			isa = PBXGroup;
			children = (
				DBCA2E821772D71300A20A03 /* MainStoryboard.storyboard */,
				DB8C5FFA17741DE200A0C49D /* Models */,
				DBCA2E851772D71300A20A03 /* CardGameViewController.h */,
				DBCA2E861772D71300A20A03 /* CardGameViewController.m */,
				DBCA2E711772D71300A20A03 /* Supporting Files */,
			);
			path = Matchismo;
			sourceTree = "<group>";
		};
		DBCA2E711772D71300A20A03 /* Supporting Files */ = {
			isa = PBXGroup;
			children = (
				DBCA2E791772D71300A20A03 /* CardGameAppDelegate.h */,
				DBCA2E7A1772D71300A20A03 /* CardGameAppDelegate.m */,
				DBCA2E721772D71300A20A03 /* Matchismo-Info.plist */,
				DBCA2E731772D71300A20A03 /* InfoPlist.strings */,
				DBCA2E761772D71300A20A03 /* main.m */,
				DBCA2E781772D71300A20A03 /* Matchismo-Prefix.pch */,
				DBCA2E7C1772D71300A20A03 /* Default.png */,
				DBCA2E7E1772D71300A20A03 /* Default@2x.png */,
				DBCA2E801772D71300A20A03 /* Default-568h@2x.png */,
			);
			name = "Supporting Files";
			sourceTree = "<group>";
		};
/* End PBXGroup section */

/* Begin PBXNativeTarget section */
		DBCA2E661772D71300A20A03 /* Matchismo */ = {
			isa = PBXNativeTarget;
			buildConfigurationList = DBCA2E8A1772D71300A20A03 /* Build configuration list for PBXNativeTarget "Matchismo" */;
			buildPhases = (
				DBCA2E631772D71300A20A03 /* Sources */,
				DBCA2E641772D71300A20A03 /* Frameworks */,
				DBCA2E651772D71300A20A03 /* Resources */,
			);
			buildRules = (
			);
			dependencies = (
			);
			name = Matchismo;
			productName = Matchismo;
			productReference = DBCA2E671772D71300A20A03 /* Matchismo.app */;
			productType = "com.apple.product-type.application";
		};
/* End PBXNativeTarget section */

/* Begin PBXProject section */
		DBCA2E5F1772D71300A20A03 /* Project object */ = {
			isa = PBXProject;
			attributes = {
				CLASSPREFIX = CardGame;
				LastUpgradeCheck = 0460;
				ORGANIZATIONNAME = "Kevin Mitchell";
			};
			buildConfigurationList = DBCA2E621772D71300A20A03 /* Build configuration list for PBXProject "Matchismo" */;
			compatibilityVersion = "Xcode 3.2";
			developmentRegion = English;
			hasScannedForEncodings = 0;
			knownRegions = (
				en,
			);
			mainGroup = DBCA2E5E1772D71300A20A03;
			productRefGroup = DBCA2E681772D71300A20A03 /* Products */;
			projectDirPath = "";
			projectRoot = "";
			targets = (
				DBCA2E661772D71300A20A03 /* Matchismo */,
			);
		};
/* End PBXProject section */

/* Begin PBXResourcesBuildPhase section */
		DBCA2E651772D71300A20A03 /* Resources */ = {
			isa = PBXResourcesBuildPhase;
			buildActionMask = 2147483647;
			files = (
				DBCA2E751772D71300A20A03 /* InfoPlist.strings in Resources */,
				DBCA2E7D1772D71300A20A03 /* Default.png in Resources */,
				DBCA2E7F1772D71300A20A03 /* Default@2x.png in Resources */,
				DBCA2E811772D71300A20A03 /* Default-568h@2x.png in Resources */,
				DBCA2E841772D71300A20A03 /* MainStoryboard.storyboard in Resources */,
			);
			runOnlyForDeploymentPostprocessing = 0;
		};
/* End PBXResourcesBuildPhase section */

/* Begin PBXSourcesBuildPhase section */
		DBCA2E631772D71300A20A03 /* Sources */ = {
			isa = PBXSourcesBuildPhase;
			buildActionMask = 2147483647;
			files = (
				DBCA2E771772D71300A20A03 /* main.m in Sources */,
				DBCA2E7B1772D71300A20A03 /* CardGameAppDelegate.m in Sources */,
				DBCA2E871772D71300A20A03 /* CardGameViewController.m in Sources */,
				DBCA2E8F1772DDE100A20A03 /* Card.m in Sources */,
				DB8C5FF317740CDA00A0C49D /* PlayingCard.m in Sources */,
				DB8C5FF617740D0F00A0C49D /* Deck.m in Sources */,
				DB8C5FF917741ADA00A0C49D /* PlayingCardDeck.m in Sources */,
			);
			runOnlyForDeploymentPostprocessing = 0;
		};
/* End PBXSourcesBuildPhase section */

/* Begin PBXVariantGroup section */
		DBCA2E731772D71300A20A03 /* InfoPlist.strings */ = {
			isa = PBXVariantGroup;
			children = (
				DBCA2E741772D71300A20A03 /* en */,
			);
			name = InfoPlist.strings;
			sourceTree = "<group>";
		};
		DBCA2E821772D71300A20A03 /* MainStoryboard.storyboard */ = {
			isa = PBXVariantGroup;
			children = (
				DBCA2E831772D71300A20A03 /* en */,
			);
			name = MainStoryboard.storyboard;
			sourceTree = "<group>";
		};
/* End PBXVariantGroup section */

/* Begin XCBuildConfiguration section */
		DBCA2E881772D71300A20A03 /* Debug */ = {
			isa = XCBuildConfiguration;
			buildSettings = {
				ALWAYS_SEARCH_USER_PATHS = NO;
				CLANG_CXX_LANGUAGE_STANDARD = "gnu++0x";
				CLANG_CXX_LIBRARY = "libc++";
				CLANG_ENABLE_OBJC_ARC = YES;
				CLANG_WARN_CONSTANT_CONVERSION = YES;
				CLANG_WARN_EMPTY_BODY = YES;
				CLANG_WARN_ENUM_CONVERSION = YES;
				CLANG_WARN_INT_CONVERSION = YES;
				CLANG_WARN__DUPLICATE_METHOD_MATCH = YES;
				"CODE_SIGN_IDENTITY[sdk=iphoneos*]" = "iPhone Developer";
				COPY_PHASE_STRIP = NO;
				GCC_C_LANGUAGE_STANDARD = gnu99;
				GCC_DYNAMIC_NO_PIC = NO;
				GCC_OPTIMIZATION_LEVEL = 0;
				GCC_PREPROCESSOR_DEFINITIONS = (
					"DEBUG=1",
					"$(inherited)",
				);
				GCC_SYMBOLS_PRIVATE_EXTERN = NO;
				GCC_WARN_ABOUT_RETURN_TYPE = YES;
				GCC_WARN_UNINITIALIZED_AUTOS = YES;
				GCC_WARN_UNUSED_VARIABLE = YES;
				IPHONEOS_DEPLOYMENT_TARGET = 6.1;
				ONLY_ACTIVE_ARCH = YES;
				SDKROOT = iphoneos;
			};
			name = Debug;
		};
		DBCA2E891772D71300A20A03 /* Release */ = {
			isa = XCBuildConfiguration;
			buildSettings = {
				ALWAYS_SEARCH_USER_PATHS = NO;
				CLANG_CXX_LANGUAGE_STANDARD = "gnu++0x";
				CLANG_CXX_LIBRARY = "libc++";
				CLANG_ENABLE_OBJC_ARC = YES;
				CLANG_WARN_CONSTANT_CONVERSION = YES;
				CLANG_WARN_EMPTY_BODY = YES;
				CLANG_WARN_ENUM_CONVERSION = YES;
				CLANG_WARN_INT_CONVERSION = YES;
				CLANG_WARN__DUPLICATE_METHOD_MATCH = YES;
				"CODE_SIGN_IDENTITY[sdk=iphoneos*]" = "iPhone Developer";
				COPY_PHASE_STRIP = YES;
				GCC_C_LANGUAGE_STANDARD = gnu99;
				GCC_WARN_ABOUT_RETURN_TYPE = YES;
				GCC_WARN_UNINITIALIZED_AUTOS = YES;
				GCC_WARN_UNUSED_VARIABLE = YES;
				IPHONEOS_DEPLOYMENT_TARGET = 6.1;
				OTHER_CFLAGS = "-DNS_BLOCK_ASSERTIONS=1";
				SDKROOT = iphoneos;
				VALIDATE_PRODUCT = YES;
			};
			name = Release;
		};
		DBCA2E8B1772D71300A20A03 /* Debug */ = {
			isa = XCBuildConfiguration;
			buildSettings = {
				GCC_PRECOMPILE_PREFIX_HEADER = YES;
				GCC_PREFIX_HEADER = "Matchismo/Matchismo-Prefix.pch";
				INFOPLIST_FILE = "Matchismo/Matchismo-Info.plist";
				PRODUCT_NAME = "$(TARGET_NAME)";
				WRAPPER_EXTENSION = app;
			};
			name = Debug;
		};
		DBCA2E8C1772D71300A20A03 /* Release */ = {
			isa = XCBuildConfiguration;
			buildSettings = {
				GCC_PRECOMPILE_PREFIX_HEADER = YES;
				GCC_PREFIX_HEADER = "Matchismo/Matchismo-Prefix.pch";
				INFOPLIST_FILE = "Matchismo/Matchismo-Info.plist";
				PRODUCT_NAME = "$(TARGET_NAME)";
				WRAPPER_EXTENSION = app;
			};
			name = Release;
		};
/* End XCBuildConfiguration section */

/* Begin XCConfigurationList section */
		DBCA2E621772D71300A20A03 /* Build configuration list for PBXProject "Matchismo" */ = {
			isa = XCConfigurationList;
			buildConfigurations = (
				DBCA2E881772D71300A20A03 /* Debug */,
				DBCA2E891772D71300A20A03 /* Release */,
			);
			defaultConfigurationIsVisible = 0;
			defaultConfigurationName = Release;
		};
		DBCA2E8A1772D71300A20A03 /* Build configuration list for PBXNativeTarget "Matchismo" */ = {
			isa = XCConfigurationList;
			buildConfigurations = (
				DBCA2E8B1772D71300A20A03 /* Debug */,
				DBCA2E8C1772D71300A20A03 /* Release */,
			);
			defaultConfigurationIsVisible = 0;
			defaultConfigurationName = Release;
		};
/* End XCConfigurationList section */
	};
	rootObject = DBCA2E5F1772D71300A20A03 /* Project object */;
}
